<?xml version="1.0" encoding="utf-8"?>
<Project ToolsVersion="4.0" xmlns="http://schemas.microsoft.com/developer/msbuild/2003">
  <ItemGroup>
    <Filter Include="Source Files">
      <UniqueIdentifier>{4FC737F1-C7A5-4376-A066-2A32D752A2FF}</UniqueIdentifier>
      <Extensions>cpp;c;cc;cxx;def;odl;idl;hpj;bat;asm;asmx</Extensions>
    </Filter>
    <Filter Include="Header Files">
      <UniqueIdentifier>{93995380-89BD-4b04-88EB-625FBE52EBFB}</UniqueIdentifier>
      <Extensions>h;hh;hpp;hxx;hm;inl;inc;ipp;xsd</Extensions>
    </Filter>
    <Filter Include="Resource Files">
      <UniqueIdentifier>{67DA6AB6-F800-4c08-8B7A-83BB121AAD01}</UniqueIdentifier>
      <Extensions>rc;ico;cur;bmp;dlg;rc2;rct;bin;rgs;gif;jpg;jpeg;jpe;resx;tiff;tif;png;wav;mfcribbon-ms</Extensions>
    </Filter>
    <Filter Include="Resource Files\Shaders">
      <UniqueIdentifier>{b3db5713-f356-45d1-abf2-9d158eaf01b1}</UniqueIdentifier>
    </Filter>
    <Filter Include="Resource Files\Models">
      <UniqueIdentifier>{70977cd5-98d2-4c53-abbc-854203c0e899}</UniqueIdentifier>
    </Filter>
    <Filter Include="Source Files\Base Classes">
      <UniqueIdentifier>{536c51ef-a528-4958-83de-96e73fdaa916}</UniqueIdentifier>
    </Filter>
    <Filter Include="Header Files\Concrete Objects">
      <UniqueIdentifier>{f7b740bc-5907-4046-a8f7-d32bdc0dfd02}</UniqueIdentifier>
    </Filter>
    <Filter Include="Header Files\Concrete Scenes">
      <UniqueIdentifier>{2e07dbc3-4105-4328-9179-62f658570c9a}</UniqueIdentifier>
    </Filter>
    <Filter Include="Source Files\Concrete Scenes">
      <UniqueIdentifier>{4e1bebb2-181f-436a-8671-5acc4fc191b6}</UniqueIdentifier>
    </Filter>
    <Filter Include="Header Files\Base Classes">
      <UniqueIdentifier>{8e91a89b-b820-43c7-821b-2fcebecd6d52}</UniqueIdentifier>
    </Filter>
    <Filter Include="Header Files\Transformations">
      <UniqueIdentifier>{d1afe235-55ab-45c8-bb81-918d21c1b266}</UniqueIdentifier>
    </Filter>
    <Filter Include="Source Files\Transformations">
      <UniqueIdentifier>{80d07f45-a8f8-41b3-9cbc-9772590ac0dc}</UniqueIdentifier>
    </Filter>
    <Filter Include="Resource Files\Textures">
      <UniqueIdentifier>{1efd0b6f-de7d-4181-9323-0f3b738d7ead}</UniqueIdentifier>
    </Filter>
    <Filter Include="Header Files\Vendor">
      <UniqueIdentifier>{6f2f5de1-80fc-413c-bdcb-ef66efe78240}</UniqueIdentifier>
    </Filter>
    <Filter Include="Source Files\Vendor">
      <UniqueIdentifier>{abd7bb96-ff07-4033-bbe9-8357efa5735c}</UniqueIdentifier>
    </Filter>
    <Filter Include="Resource Files\Textures\Cubemap">
      <UniqueIdentifier>{cac1fed6-7ce8-40e6-abdf-74c221c70af4}</UniqueIdentifier>
    </Filter>
    <Filter Include="Source Files\Textures">
      <UniqueIdentifier>{53e5db18-4e41-41d6-94fc-d2af6a057838}</UniqueIdentifier>
    </Filter>
    <Filter Include="Header Files\Textures">
      <UniqueIdentifier>{8d36df58-8121-4aba-85b3-921e7202d553}</UniqueIdentifier>
    </Filter>
    <Filter Include="Source Files\Concrete Objects">
      <UniqueIdentifier>{17540d69-10f1-470c-b5a2-bcd0520f4832}</UniqueIdentifier>
    </Filter>
    <Filter Include="Header Files\Lights">
      <UniqueIdentifier>{4fb26e74-4eaf-4a08-b727-06d96f61d768}</UniqueIdentifier>
    </Filter>
    <Filter Include="Source Files\Lights">
      <UniqueIdentifier>{7f2fd28b-1069-41ef-bfab-d0df90dd6b7c}</UniqueIdentifier>
    </Filter>
  </ItemGroup>
  <ItemGroup>
    <ClCompile Include="Source.cpp">
      <Filter>Source Files</Filter>
    </ClCompile>
    <ClCompile Include="Application.cpp">
      <Filter>Source Files</Filter>
    </ClCompile>
    <ClCompile Include="Shader.cpp">
      <Filter>Source Files</Filter>
    </ClCompile>
    <ClCompile Include="VertexBuffer.cpp">
      <Filter>Source Files</Filter>
    </ClCompile>
    <ClCompile Include="IndexBuffer.cpp">
      <Filter>Source Files</Filter>
    </ClCompile>
    <ClCompile Include="VertexArray.cpp">
      <Filter>Source Files</Filter>
    </ClCompile>
    <ClCompile Include="Renderer.cpp">
      <Filter>Source Files</Filter>
    </ClCompile>
    <ClCompile Include="Window.cpp">
      <Filter>Source Files</Filter>
    </ClCompile>
    <ClCompile Include="Camera.cpp">
      <Filter>Source Files</Filter>
    </ClCompile>
    <ClCompile Include="Subject.cpp">
      <Filter>Source Files\Base Classes</Filter>
    </ClCompile>
    <ClCompile Include="Object.cpp">
      <Filter>Source Files\Base Classes</Filter>
    </ClCompile>
    <ClCompile Include="Scene.cpp">
      <Filter>Source Files\Base Classes</Filter>
    </ClCompile>
    <ClCompile Include="SceneOne.cpp">
      <Filter>Source Files\Concrete Scenes</Filter>
    </ClCompile>
    <ClCompile Include="SceneTwo.cpp">
      <Filter>Source Files\Concrete Scenes</Filter>
    </ClCompile>
    <ClCompile Include="SceneThree.cpp">
      <Filter>Source Files\Concrete Scenes</Filter>
    </ClCompile>
    <ClCompile Include="Callbacks.cpp">
      <Filter>Source Files</Filter>
    </ClCompile>
    <ClCompile Include="ComplexTransformation.cpp">
      <Filter>Source Files\Transformations</Filter>
    </ClCompile>
    <ClCompile Include="Move.cpp">
      <Filter>Source Files\Transformations</Filter>
    </ClCompile>
    <ClCompile Include="Scale.cpp">
      <Filter>Source Files\Transformations</Filter>
    </ClCompile>
    <ClCompile Include="SceneFour.cpp">
      <Filter>Source Files\Concrete Scenes</Filter>
    </ClCompile>
    <ClCompile Include="Vendor\objloader.cpp">
      <Filter>Source Files\Vendor</Filter>
    </ClCompile>
    <ClCompile Include="Texture.cpp">
      <Filter>Source Files\Base Classes</Filter>
    </ClCompile>
    <ClCompile Include="Texture2D.cpp">
      <Filter>Source Files\Textures</Filter>
    </ClCompile>
    <ClCompile Include="Cubemap.cpp">
      <Filter>Source Files\Textures</Filter>
    </ClCompile>
    <ClCompile Include="SkyBox.cpp">
      <Filter>Source Files\Concrete Objects</Filter>
    </ClCompile>
    <ClCompile Include="Light.cpp">
      <Filter>Source Files\Base Classes</Filter>
    </ClCompile>
    <ClCompile Include="DirectionalLight.cpp">
      <Filter>Source Files\Lights</Filter>
    </ClCompile>
    <ClCompile Include="SpotLight.cpp">
      <Filter>Source Files\Lights</Filter>
    </ClCompile>
    <ClCompile Include="PointLight.cpp">
      <Filter>Source Files\Lights</Filter>
    </ClCompile>
    <ClCompile Include="Rotate.cpp">
      <Filter>Source Files\Transformations</Filter>
    </ClCompile>
    <ClCompile Include="SceneManager.cpp">
      <Filter>Source Files</Filter>
    </ClCompile>
    <ClCompile Include="ObjectFactory.cpp">
      <Filter>Source Files</Filter>
    </ClCompile>
    <ClCompile Include="Terrain.cpp">
      <Filter>Source Files\Concrete Objects</Filter>
    </ClCompile>
  </ItemGroup>
  <ItemGroup>
    <ClInclude Include="Application.h">
      <Filter>Header Files</Filter>
    </ClInclude>
    <ClInclude Include="Shader.h">
      <Filter>Header Files</Filter>
    </ClInclude>
    <ClInclude Include="Utils.h">
      <Filter>Header Files</Filter>
    </ClInclude>
    <ClInclude Include="VertexBuffer.h">
      <Filter>Header Files</Filter>
    </ClInclude>
    <ClInclude Include="IndexBuffer.h">
      <Filter>Header Files</Filter>
    </ClInclude>
    <ClInclude Include="VertexArray.h">
      <Filter>Header Files</Filter>
    </ClInclude>
    <ClInclude Include="VertexBufferLayout.h">
      <Filter>Header Files</Filter>
    </ClInclude>
    <ClInclude Include="Renderer.h">
      <Filter>Header Files</Filter>
    </ClInclude>
    <ClInclude Include="Window.h">
      <Filter>Header Files</Filter>
    </ClInclude>
    <ClInclude Include="Camera.h">
      <Filter>Header Files</Filter>
    </ClInclude>
    <ClInclude Include="Resources\Models\suzi_smooth.h">
      <Filter>Resource Files\Models</Filter>
    </ClInclude>
    <ClInclude Include="Resources\Models\plain.h">
      <Filter>Resource Files\Models</Filter>
    </ClInclude>
    <ClInclude Include="Resources\Models\sphere.h">
      <Filter>Resource Files\Models</Filter>
    </ClInclude>
    <ClInclude Include="Resources\Models\suzi_flat.h">
      <Filter>Resource Files\Models</Filter>
    </ClInclude>
    <ClInclude Include="Resources\Models\indexed_rectangle.h">
      <Filter>Resource Files\Models</Filter>
    </ClInclude>
    <ClInclude Include="Observer.h">
      <Filter>Header Files\Base Classes</Filter>
    </ClInclude>
    <ClInclude Include="Subject.h">
      <Filter>Header Files\Base Classes</Filter>
    </ClInclude>
    <ClInclude Include="Object.h">
      <Filter>Header Files\Base Classes</Filter>
    </ClInclude>
    <ClInclude Include="Sphere.h">
      <Filter>Header Files\Concrete Objects</Filter>
    </ClInclude>
    <ClInclude Include="SuziFlat.h">
      <Filter>Header Files\Concrete Objects</Filter>
    </ClInclude>
    <ClInclude Include="SuziSmooth.h">
      <Filter>Header Files\Concrete Objects</Filter>
    </ClInclude>
    <ClInclude Include="Plain.h">
      <Filter>Header Files\Concrete Objects</Filter>
    </ClInclude>
    <ClInclude Include="Scene.h">
      <Filter>Header Files\Base Classes</Filter>
    </ClInclude>
    <ClInclude Include="SceneOne.h">
      <Filter>Header Files\Concrete Scenes</Filter>
    </ClInclude>
    <ClInclude Include="SceneTwo.h">
      <Filter>Header Files\Concrete Scenes</Filter>
    </ClInclude>
    <ClInclude Include="SceneThree.h">
      <Filter>Header Files\Concrete Scenes</Filter>
    </ClInclude>
    <ClInclude Include="Callbacks.h">
      <Filter>Header Files</Filter>
    </ClInclude>
    <ClInclude Include="Rectangle.h">
      <Filter>Header Files\Concrete Objects</Filter>
    </ClInclude>
    <ClInclude Include="Transformation.h">
      <Filter>Header Files\Base Classes</Filter>
    </ClInclude>
    <ClInclude Include="ComplexTransformation.h">
      <Filter>Header Files\Transformations</Filter>
    </ClInclude>
    <ClInclude Include="Move.h">
      <Filter>Header Files\Transformations</Filter>
    </ClInclude>
    <ClInclude Include="Scale.h">
      <Filter>Header Files\Transformations</Filter>
    </ClInclude>
    <ClInclude Include="SceneFour.h">
      <Filter>Header Files\Concrete Scenes</Filter>
    </ClInclude>
    <ClInclude Include="Resources\Models\textured_plain.h">
      <Filter>Resource Files\Models</Filter>
    </ClInclude>
    <ClInclude Include="TexturedPlain.h">
      <Filter>Header Files\Concrete Objects</Filter>
    </ClInclude>
    <ClInclude Include="Vendor\objloader.h">
      <Filter>Header Files\Vendor</Filter>
    </ClInclude>
    <ClInclude Include="Texture.h">
      <Filter>Header Files\Base Classes</Filter>
    </ClInclude>
    <ClInclude Include="Texture2D.h">
      <Filter>Header Files\Textures</Filter>
    </ClInclude>
    <ClInclude Include="Cubemap.h">
      <Filter>Header Files\Textures</Filter>
    </ClInclude>
    <ClInclude Include="Light.h">
      <Filter>Header Files\Base Classes</Filter>
    </ClInclude>
    <ClInclude Include="DirectionalLight.h">
      <Filter>Header Files\Lights</Filter>
    </ClInclude>
    <ClInclude Include="SpotLight.h">
      <Filter>Header Files\Lights</Filter>
    </ClInclude>
    <ClInclude Include="PointLight.h">
      <Filter>Header Files\Lights</Filter>
    </ClInclude>
    <ClInclude Include="Rotate.h">
      <Filter>Header Files\Transformations</Filter>
    </ClInclude>
    <ClInclude Include="SceneManager.h">
      <Filter>Header Files</Filter>
    </ClInclude>
    <ClInclude Include="ObjectFactory.h">
      <Filter>Header Files</Filter>
    </ClInclude>
    <ClInclude Include="Terrain.h">
      <Filter>Header Files\Concrete Objects</Filter>
    </ClInclude>
    <ClInclude Include="SkyBox.h">
      <Filter>Header Files\Concrete Objects</Filter>
    </ClInclude>
  </ItemGroup>
  <ItemGroup>
    <None Include="Resources\Shaders\Phong.shader">
      <Filter>Resource Files\Shaders</Filter>
    </None>
    <None Include="Resources\Shaders\Constant.shader">
      <Filter>Resource Files\Shaders</Filter>
    </None>
    <None Include="Resources\Shaders\Lambert.shader">
      <Filter>Resource Files\Shaders</Filter>
    </None>
    <None Include="Resources\Shaders\Blinn-Phong.shader">
      <Filter>Resource Files\Shaders</Filter>
    </None>
    <None Include="Resources\Shaders\Cubemap.shader">
      <Filter>Resource Files\Shaders</Filter>
    </None>
    <None Include="Resources\Shaders\Terrain.shader">
      <Filter>Resource Files\Shaders</Filter>
    </None>
  </ItemGroup>
  <ItemGroup>
    <Image Include="Resources\Textures\mino.png">
      <Filter>Resource Files\Textures</Filter>
    </Image>
    <Image Include="Resources\Textures\test.png">
      <Filter>Resource Files\Textures</Filter>
    </Image>
    <Image Include="Resources\Textures\ground.png">
      <Filter>Resource Files\Textures</Filter>
    </Image>
    <Image Include="Resources\Textures\skydome.png">
      <Filter>Resource Files\Textures</Filter>
    </Image>
    <Image Include="Resources\Textures\fulldome3.png">
      <Filter>Resource Files\Textures</Filter>
    </Image>
    <Image Include="Resources\Textures\grass.png">
      <Filter>Resource Files\Textures</Filter>
    </Image>
    <Image Include="Resources\Textures\grass2.png">
      <Filter>Resource Files\Textures</Filter>
    </Image>
    <Image Include="Resources\Textures\grass3.png">
      <Filter>Resource Files\Textures</Filter>
    </Image>
    <Image Include="Resources\Textures\smallRocks.png">
      <Filter>Resource Files\Textures</Filter>
    </Image>
    <Image Include="Resources\Textures\dry.png">
      <Filter>Resource Files\Textures</Filter>
    </Image>
    <Image Include="Resources\Textures\floor.png">
      <Filter>Resource Files\Textures</Filter>
    </Image>
    <Image Include="Resources\Textures\ice.png">
      <Filter>Resource Files\Textures</Filter>
    </Image>
    <Image Include="Resources\Textures\leaves.png">
      <Filter>Resource Files\Textures</Filter>
    </Image>
    <Image Include="Resources\Textures\rocks.png">
      <Filter>Resource Files\Textures</Filter>
    </Image>
    <Image Include="Resources\Textures\posz.jpg">
      <Filter>Resource Files\Textures\Cubemap</Filter>
    </Image>
    <Image Include="Resources\Textures\negx.jpg">
      <Filter>Resource Files\Textures\Cubemap</Filter>
    </Image>
    <Image Include="Resources\Textures\negy.jpg">
      <Filter>Resource Files\Textures\Cubemap</Filter>
    </Image>
    <Image Include="Resources\Textures\negz.jpg">
      <Filter>Resource Files\Textures\Cubemap</Filter>
    </Image>
    <Image Include="Resources\Textures\posx.jpg">
      <Filter>Resource Files\Textures\Cubemap</Filter>
    </Image>
    <Image Include="Resources\Textures\posy.jpg">
      <Filter>Resource Files\Textures\Cubemap</Filter>
    </Image>
  </ItemGroup>
</Project>